github.com/fredbainbridge/pokerapimodels v0.0.0-20210909212229-ac9d56a57892 h1:m2LxveYsUrggOCxeMNTsFqDClxlsUTBp6R0A5IMQO/U=
github.com/fredbainbridge/pokerapimodels v0.0.0-20210909212229-ac9d56a57892/go.mod h1:n3uPksj0f2PrFAVg5WoyTsoMdAegU4gtWaW1tsbqkJ4=
github.com/fredbainbridge/pokerapimodels v0.0.0-20210910221222-3a4e338c27bd h1:Q8vLV0VT0nTcALhh2P2UOC2V1nzskJbwMar9ItYOJ8U=
github.com/fredbainbridge/pokerapimodels v0.0.0-20210910221222-3a4e338c27bd/go.mod h1:n3uPksj0f2PrFAVg5WoyTsoMdAegU4gtWaW1tsbqkJ4=
